
Microsoft Visual Studio Solution File, Format Version 12.00
# Visual Studio Version 17
VisualStudioVersion = 17.3.32804.467
MinimumVisualStudioVersion = 10.0.40219.1
Project("{9A19103F-16F7-4668-BE54-9A1E7A4F7556}") = "WebAppDETAug2022", "WebAppDETAug2022.csproj", "{484F4341-F258-4D4A-9109-51A8C61196BF}"
EndProject
Project("{9A19103F-16F7-4668-BE54-9A1E7A4F7556}") = "MVCDemo", "..\MVCDemo\MVCDemo.csproj", "{C0EF32B2-EE82-48CF-9884-EA00EF165175}"
EndProject
Project("{9A19103F-16F7-4668-BE54-9A1E7A4F7556}") = "APIDemo", "..\APIDemo\APIDemo.csproj", "{3FA68F2E-A825-4BE4-894E-207BCEC8594A}"
EndProject
Project("{9A19103F-16F7-4668-BE54-9A1E7A4F7556}") = "ConsoleAPIClient", "..\ConsoleAPIClient\ConsoleAPIClient.csproj", "{E5FF5E0B-AE1E-416E-BB69-1AB4277C85F9}"
EndProject
Project("{9A19103F-16F7-4668-BE54-9A1E7A4F7556}") = "WebAppPractice", "..\WebAppPractice\WebAppPractice.csproj", "{86CE6565-0FED-4CED-86D0-E13579638C39}"
EndProject
Project("{FAE04EC0-301F-11D3-BF4B-00C04F79EFBC}") = "OData", "..\OData\OData.csproj", "{5BE1F494-FF24-496F-82F7-09C5AC31A35F}"
EndProject
Project("{FAE04EC0-301F-11D3-BF4B-00C04F79EFBC}") = "Bank", "..\Bank\Bank.csproj", "{174715E2-BBD7-4100-A792-ADE4D148B967}"
EndProject
Project("{FAE04EC0-301F-11D3-BF4B-00C04F79EFBC}") = "BankTests", "..\BankTests\BankTests.csproj", "{90087ACB-E399-4F1C-8C87-84C7544EAB8B}"
EndProject
Project("{FAE04EC0-301F-11D3-BF4B-00C04F79EFBC}") = "MyFirstUnitTests", "..\MyFirstUnitTests\MyFirstUnitTests.csproj", "{1607B9B8-C41E-4C81-802C-E714F6E3C61C}"
EndProject
Global
	GlobalSection(SolutionConfigurationPlatforms) = preSolution
		Debug|Any CPU = Debug|Any CPU
		Release|Any CPU = Release|Any CPU
	EndGlobalSection
	GlobalSection(ProjectConfigurationPlatforms) = postSolution
		{484F4341-F258-4D4A-9109-51A8C61196BF}.Debug|Any CPU.ActiveCfg = Debug|Any CPU
		{484F4341-F258-4D4A-9109-51A8C61196BF}.Debug|Any CPU.Build.0 = Debug|Any CPU
		{484F4341-F258-4D4A-9109-51A8C61196BF}.Release|Any CPU.ActiveCfg = Release|Any CPU
		{484F4341-F258-4D4A-9109-51A8C61196BF}.Release|Any CPU.Build.0 = Release|Any CPU
		{C0EF32B2-EE82-48CF-9884-EA00EF165175}.Debug|Any CPU.ActiveCfg = Debug|Any CPU
		{C0EF32B2-EE82-48CF-9884-EA00EF165175}.Debug|Any CPU.Build.0 = Debug|Any CPU
		{C0EF32B2-EE82-48CF-9884-EA00EF165175}.Release|Any CPU.ActiveCfg = Release|Any CPU
		{C0EF32B2-EE82-48CF-9884-EA00EF165175}.Release|Any CPU.Build.0 = Release|Any CPU
		{3FA68F2E-A825-4BE4-894E-207BCEC8594A}.Debug|Any CPU.ActiveCfg = Debug|Any CPU
		{3FA68F2E-A825-4BE4-894E-207BCEC8594A}.Debug|Any CPU.Build.0 = Debug|Any CPU
		{3FA68F2E-A825-4BE4-894E-207BCEC8594A}.Release|Any CPU.ActiveCfg = Release|Any CPU
		{3FA68F2E-A825-4BE4-894E-207BCEC8594A}.Release|Any CPU.Build.0 = Release|Any CPU
		{E5FF5E0B-AE1E-416E-BB69-1AB4277C85F9}.Debug|Any CPU.ActiveCfg = Debug|Any CPU
		{E5FF5E0B-AE1E-416E-BB69-1AB4277C85F9}.Debug|Any CPU.Build.0 = Debug|Any CPU
		{E5FF5E0B-AE1E-416E-BB69-1AB4277C85F9}.Release|Any CPU.ActiveCfg = Release|Any CPU
		{E5FF5E0B-AE1E-416E-BB69-1AB4277C85F9}.Release|Any CPU.Build.0 = Release|Any CPU
		{86CE6565-0FED-4CED-86D0-E13579638C39}.Debug|Any CPU.ActiveCfg = Debug|Any CPU
		{86CE6565-0FED-4CED-86D0-E13579638C39}.Debug|Any CPU.Build.0 = Debug|Any CPU
		{86CE6565-0FED-4CED-86D0-E13579638C39}.Release|Any CPU.ActiveCfg = Release|Any CPU
		{86CE6565-0FED-4CED-86D0-E13579638C39}.Release|Any CPU.Build.0 = Release|Any CPU
		{5BE1F494-FF24-496F-82F7-09C5AC31A35F}.Debug|Any CPU.ActiveCfg = Debug|Any CPU
		{5BE1F494-FF24-496F-82F7-09C5AC31A35F}.Debug|Any CPU.Build.0 = Debug|Any CPU
		{5BE1F494-FF24-496F-82F7-09C5AC31A35F}.Release|Any CPU.ActiveCfg = Release|Any CPU
		{5BE1F494-FF24-496F-82F7-09C5AC31A35F}.Release|Any CPU.Build.0 = Release|Any CPU
		{174715E2-BBD7-4100-A792-ADE4D148B967}.Debug|Any CPU.ActiveCfg = Debug|Any CPU
		{174715E2-BBD7-4100-A792-ADE4D148B967}.Debug|Any CPU.Build.0 = Debug|Any CPU
		{174715E2-BBD7-4100-A792-ADE4D148B967}.Release|Any CPU.ActiveCfg = Release|Any CPU
		{174715E2-BBD7-4100-A792-ADE4D148B967}.Release|Any CPU.Build.0 = Release|Any CPU
		{90087ACB-E399-4F1C-8C87-84C7544EAB8B}.Debug|Any CPU.ActiveCfg = Debug|Any CPU
		{90087ACB-E399-4F1C-8C87-84C7544EAB8B}.Debug|Any CPU.Build.0 = Debug|Any CPU
		{90087ACB-E399-4F1C-8C87-84C7544EAB8B}.Release|Any CPU.ActiveCfg = Release|Any CPU
		{90087ACB-E399-4F1C-8C87-84C7544EAB8B}.Release|Any CPU.Build.0 = Release|Any CPU
		{1607B9B8-C41E-4C81-802C-E714F6E3C61C}.Debug|Any CPU.ActiveCfg = Debug|Any CPU
		{1607B9B8-C41E-4C81-802C-E714F6E3C61C}.Debug|Any CPU.Build.0 = Debug|Any CPU
		{1607B9B8-C41E-4C81-802C-E714F6E3C61C}.Release|Any CPU.ActiveCfg = Release|Any CPU
		{1607B9B8-C41E-4C81-802C-E714F6E3C61C}.Release|Any CPU.Build.0 = Release|Any CPU
	EndGlobalSection
	GlobalSection(SolutionProperties) = preSolution
		HideSolutionNode = FALSE
	EndGlobalSection
	GlobalSection(ExtensibilityGlobals) = postSolution
		SolutionGuid = {D20D0AE8-6D66-4E66-A3D7-2756873B9BDE}
	EndGlobalSection
EndGlobal
